// !$*UTF8*$!
{
	archiveVersion = 1;
	classes = {
	};
	objectVersion = 50;
	objects = {

/* Begin PBXBuildFile section */
		D4DD28C020DF3979004383BB /* AppDelegate.swift in Sources */ = {isa = PBXBuildFile; fileRef = D4DD28BF20DF3979004383BB /* AppDelegate.swift */; };
		D4DD28C520DF3979004383BB /* Main.storyboard in Resources */ = {isa = PBXBuildFile; fileRef = D4DD28C320DF3979004383BB /* Main.storyboard */; };
		D4DD28C720DF397B004383BB /* Assets.xcassets in Resources */ = {isa = PBXBuildFile; fileRef = D4DD28C620DF397B004383BB /* Assets.xcassets */; };
		D4DD28CA20DF397B004383BB /* LaunchScreen.storyboard in Resources */ = {isa = PBXBuildFile; fileRef = D4DD28C820DF397B004383BB /* LaunchScreen.storyboard */; };
		D4DD28D220DF39F5004383BB /* Photo.swift in Sources */ = {isa = PBXBuildFile; fileRef = D4DD28D120DF39F5004383BB /* Photo.swift */; };
		D4DD28D820DF551F004383BB /* PhotoCell.swift in Sources */ = {isa = PBXBuildFile; fileRef = D4DD28D720DF551F004383BB /* PhotoCell.swift */; };
		D4DD28DA20DF6077004383BB /* PhotoCollectionViewController.swift in Sources */ = {isa = PBXBuildFile; fileRef = D4DD28D920DF6077004383BB /* PhotoCollectionViewController.swift */; };
		D4DD28DC20E0379D004383BB /* SectionHeaderView.swift in Sources */ = {isa = PBXBuildFile; fileRef = D4DD28DB20E0379D004383BB /* SectionHeaderView.swift */; };
		D4DD290020E08EAA004383BB /* DetailViewController.swift in Sources */ = {isa = PBXBuildFile; fileRef = D4DD28FF20E08EAA004383BB /* DetailViewController.swift */; };
/* End PBXBuildFile section */

/* Begin PBXFileReference section */
		D4DD28BC20DF3979004383BB /* PhotoManiac.app */ = {isa = PBXFileReference; explicitFileType = wrapper.application; includeInIndex = 0; path = PhotoManiac.app; sourceTree = BUILT_PRODUCTS_DIR; };
		D4DD28BF20DF3979004383BB /* AppDelegate.swift */ = {isa = PBXFileReference; lastKnownFileType = sourcecode.swift; path = AppDelegate.swift; sourceTree = "<group>"; };
		D4DD28C420DF3979004383BB /* Base */ = {isa = PBXFileReference; lastKnownFileType = file.storyboard; name = Base; path = Base.lproj/Main.storyboard; sourceTree = "<group>"; };
		D4DD28C620DF397B004383BB /* Assets.xcassets */ = {isa = PBXFileReference; lastKnownFileType = folder.assetcatalog; path = Assets.xcassets; sourceTree = "<group>"; };
		D4DD28C920DF397B004383BB /* Base */ = {isa = PBXFileReference; lastKnownFileType = file.storyboard; name = Base; path = Base.lproj/LaunchScreen.storyboard; sourceTree = "<group>"; };
		D4DD28CB20DF397B004383BB /* Info.plist */ = {isa = PBXFileReference; lastKnownFileType = text.plist.xml; path = Info.plist; sourceTree = "<group>"; };
		D4DD28D120DF39F5004383BB /* Photo.swift */ = {isa = PBXFileReference; lastKnownFileType = sourcecode.swift; path = Photo.swift; sourceTree = "<group>"; };
		D4DD28D720DF551F004383BB /* PhotoCell.swift */ = {isa = PBXFileReference; lastKnownFileType = sourcecode.swift; path = PhotoCell.swift; sourceTree = "<group>"; };
		D4DD28D920DF6077004383BB /* PhotoCollectionViewController.swift */ = {isa = PBXFileReference; lastKnownFileType = sourcecode.swift; path = PhotoCollectionViewController.swift; sourceTree = "<group>"; };
		D4DD28DB20E0379D004383BB /* SectionHeaderView.swift */ = {isa = PBXFileReference; lastKnownFileType = sourcecode.swift; path = SectionHeaderView.swift; sourceTree = "<group>"; };
		D4DD28FF20E08EAA004383BB /* DetailViewController.swift */ = {isa = PBXFileReference; lastKnownFileType = sourcecode.swift; path = DetailViewController.swift; sourceTree = "<group>"; };
/* End PBXFileReference section */

/* Begin PBXFrameworksBuildPhase section */
		D4DD28B920DF3978004383BB /* Frameworks */ = {
			isa = PBXFrameworksBuildPhase;
			buildActionMask = 2147483647;
			files = (
			);
			runOnlyForDeploymentPostprocessing = 0;
		};
/* End PBXFrameworksBuildPhase section */

/* Begin PBXGroup section */
		D4DD28B320DF3978004383BB = {
			isa = PBXGroup;
			children = (
				D4DD28BE20DF3979004383BB /* PhotoManiac */,
				D4DD28BD20DF3979004383BB /* Products */,
			);
			sourceTree = "<group>";
		};
		D4DD28BD20DF3979004383BB /* Products */ = {
			isa = PBXGroup;
			children = (
				D4DD28BC20DF3979004383BB /* PhotoManiac.app */,
			);
			name = Products;
			sourceTree = "<group>";
		};
		D4DD28BE20DF3979004383BB /* PhotoManiac */ = {
			isa = PBXGroup;
			children = (
				D4DD28D520DF4A0E004383BB /* Models */,
				D4DD28D420DF4A08004383BB /* Views */,
				D4DD28C320DF3979004383BB /* Main.storyboard */,
				D4DD28D620DF4A1F004383BB /* Controllers */,
				D4DD28D320DF49E9004383BB /* Supporting Files */,
				D4DD28C620DF397B004383BB /* Assets.xcassets */,
			);
			path = PhotoManiac;
			sourceTree = "<group>";
		};
		D4DD28D320DF49E9004383BB /* Supporting Files */ = {
			isa = PBXGroup;
			children = (
				D4DD28BF20DF3979004383BB /* AppDelegate.swift */,
				D4DD28C820DF397B004383BB /* LaunchScreen.storyboard */,
				D4DD28CB20DF397B004383BB /* Info.plist */,
			);
			path = "Supporting Files";
			sourceTree = "<group>";
		};
		D4DD28D420DF4A08004383BB /* Views */ = {
			isa = PBXGroup;
			children = (
				D4DD28D720DF551F004383BB /* PhotoCell.swift */,
				D4DD28DB20E0379D004383BB /* SectionHeaderView.swift */,
			);
			path = Views;
			sourceTree = "<group>";
		};
		D4DD28D520DF4A0E004383BB /* Models */ = {
			isa = PBXGroup;
			children = (
				D4DD28D120DF39F5004383BB /* Photo.swift */,
			);
			path = Models;
			sourceTree = "<group>";
		};
		D4DD28D620DF4A1F004383BB /* Controllers */ = {
			isa = PBXGroup;
			children = (
				D4DD28D920DF6077004383BB /* PhotoCollectionViewController.swift */,
				D4DD28FF20E08EAA004383BB /* DetailViewController.swift */,
			);
			path = Controllers;
			sourceTree = "<group>";
		};
/* End PBXGroup section */

/* Begin PBXNativeTarget section */
		D4DD28BB20DF3978004383BB /* PhotoManiac */ = {
			isa = PBXNativeTarget;
			buildConfigurationList = D4DD28CE20DF397B004383BB /* Build configuration list for PBXNativeTarget "PhotoManiac" */;
			buildPhases = (
				D4DD28B820DF3978004383BB /* Sources */,
				D4DD28B920DF3978004383BB /* Frameworks */,
				D4DD28BA20DF3978004383BB /* Resources */,
			);
			buildRules = (
			);
			dependencies = (
			);
			name = PhotoManiac;
			productName = PhotoManiac;
			productReference = D4DD28BC20DF3979004383BB /* PhotoManiac.app */;
			productType = "com.apple.product-type.application";
		};
/* End PBXNativeTarget section */

/* Begin PBXProject section */
		D4DD28B420DF3978004383BB /* Project object */ = {
			isa = PBXProject;
			attributes = {
				LastSwiftUpdateCheck = 0940;
				LastUpgradeCheck = 0940;
				ORGANIZATIONNAME = "Aleksey Kabishau";
				TargetAttributes = {
					D4DD28BB20DF3978004383BB = {
						CreatedOnToolsVersion = 9.4.1;
					};
				};
			};
			buildConfigurationList = D4DD28B720DF3978004383BB /* Build configuration list for PBXProject "PhotoManiac" */;
			compatibilityVersion = "Xcode 9.3";
			developmentRegion = en;
			hasScannedForEncodings = 0;
			knownRegions = (
				en,
				Base,
			);
			mainGroup = D4DD28B320DF3978004383BB;
			productRefGroup = D4DD28BD20DF3979004383BB /* Products */;
			projectDirPath = "";
			projectRoot = "";
			targets = (
				D4DD28BB20DF3978004383BB /* PhotoManiac */,
			);
		};
/* End PBXProject section */

/* Begin PBXResourcesBuildPhase section */
		D4DD28BA20DF3978004383BB /* Resources */ = {
			isa = PBXResourcesBuildPhase;
			buildActionMask = 2147483647;
			files = (
				D4DD28CA20DF397B004383BB /* LaunchScreen.storyboard in Resources */,
				D4DD28C720DF397B004383BB /* Assets.xcassets in Resources */,
				D4DD28C520DF3979004383BB /* Main.storyboard in Resources */,
			);
			runOnlyForDeploymentPostprocessing = 0;
		};
/* End PBXResourcesBuildPhase section */

/* Begin PBXSourcesBuildPhase section */
		D4DD28B820DF3978004383BB /* Sources */ = {
			isa = PBXSourcesBuildPhase;
			buildActionMask = 2147483647;
			files = (
				D4DD28D220DF39F5004383BB /* Photo.swift in Sources */,
				D4DD28D820DF551F004383BB /* PhotoCell.swift in Sources */,
				D4DD28DC20E0379D004383BB /* SectionHeaderView.swift in Sources */,
				D4DD290020E08EAA004383BB /* DetailViewController.swift in Sources */,
				D4DD28C020DF3979004383BB /* AppDelegate.swift in Sources */,
				D4DD28DA20DF6077004383BB /* PhotoCollectionViewController.swift in Sources */,
			);
			runOnlyForDeploymentPostprocessing = 0;
		};
/* End PBXSourcesBuildPhase section */

/* Begin PBXVariantGroup section */
		D4DD28C320DF3979004383BB /* Main.storyboard */ = {
			isa = PBXVariantGroup;
			children = (
				D4DD28C420DF3979004383BB /* Base */,
			);
			name = Main.storyboard;
			sourceTree = "<group>";
		};
		D4DD28C820DF397B004383BB /* LaunchScreen.storyboard */ = {
			isa = PBXVariantGroup;
			children = (
				D4DD28C920DF397B004383BB /* Base */,
			);
			name = LaunchScreen.storyboard;
			sourceTree = "<group>";
		};
/* End PBXVariantGroup section */

/* Begin XCBuildConfiguration section */
		D4DD28CC20DF397B004383BB /* Debug */ = {
			isa = XCBuildConfiguration;
			buildSettings = {
				ALWAYS_SEARCH_USER_PATHS = NO;
				CLANG_ANALYZER_NONNULL = YES;
				CLANG_ANALYZER_NUMBER_OBJECT_CONVERSION = YES_AGGRESSIVE;
				CLANG_CXX_LANGUAGE_STANDARD = "gnu++14";
				CLANG_CXX_LIBRARY = "libc++";
				CLANG_ENABLE_MODULES = YES;
				CLANG_ENABLE_OBJC_ARC = YES;
				CLANG_ENABLE_OBJC_WEAK = YES;
				CLANG_WARN_BLOCK_CAPTURE_AUTORELEASING = YES;
				CLANG_WARN_BOOL_CONVERSION = YES;
				CLANG_WARN_COMMA = YES;
				CLANG_WARN_CONSTANT_CONVERSION = YES;
				CLANG_WARN_DEPRECATED_OBJC_IMPLEMENTATIONS = YES;
				CLANG_WARN_DIRECT_OBJC_ISA_USAGE = YES_ERROR;
				CLANG_WARN_DOCUMENTATION_COMMENTS = YES;
				CLANG_WARN_EMPTY_BODY = YES;
				CLANG_WARN_ENUM_CONVERSION = YES;
				CLANG_WARN_INFINITE_RECURSION = YES;
				CLANG_WARN_INT_CONVERSION = YES;
				CLANG_WARN_NON_LITERAL_NULL_CONVERSION = YES;
				CLANG_WARN_OBJC_IMPLICIT_RETAIN_SELF = YES;
				CLANG_WARN_OBJC_LITERAL_CONVERSION = YES;
				CLANG_WARN_OBJC_ROOT_CLASS = YES_ERROR;
				CLANG_WARN_RANGE_LOOP_ANALYSIS = YES;
				CLANG_WARN_STRICT_PROTOTYPES = YES;
				CLANG_WARN_SUSPICIOUS_MOVE = YES;
				CLANG_WARN_UNGUARDED_AVAILABILITY = YES_AGGRESSIVE;
				CLANG_WARN_UNREACHABLE_CODE = YES;
				CLANG_WARN__DUPLICATE_METHOD_MATCH = YES;
				CODE_SIGN_IDENTITY = "iPhone Developer";
				COPY_PHASE_STRIP = NO;
				DEBUG_INFORMATION_FORMAT = dwarf;
				ENABLE_STRICT_OBJC_MSGSEND = YES;
				ENABLE_TESTABILITY = YES;
				GCC_C_LANGUAGE_STANDARD = gnu11;
				GCC_DYNAMIC_NO_PIC = NO;
				GCC_NO_COMMON_BLOCKS = YES;
				GCC_OPTIMIZATION_LEVEL = 0;
				GCC_PREPROCESSOR_DEFINITIONS = (
					"DEBUG=1",
					"$(inherited)",
				);
				GCC_WARN_64_TO_32_BIT_CONVERSION = YES;
				GCC_WARN_ABOUT_RETURN_TYPE = YES_ERROR;
				GCC_WARN_UNDECLARED_SELECTOR = YES;
				GCC_WARN_UNINITIALIZED_AUTOS = YES_AGGRESSIVE;
				GCC_WARN_UNUSED_FUNCTION = YES;
				GCC_WARN_UNUSED_VARIABLE = YES;
				IPHONEOS_DEPLOYMENT_TARGET = 11.4;
				MTL_ENABLE_DEBUG_INFO = YES;
				ONLY_ACTIVE_ARCH = YES;
				SDKROOT = iphoneos;
				SWIFT_ACTIVE_COMPILATION_CONDITIONS = DEBUG;
				SWIFT_OPTIMIZATION_LEVEL = "-Onone";
			};
			name = Debug;
		};
		D4DD28CD20DF397B004383BB /* Release */ = {
			isa = XCBuildConfiguration;
			buildSettings = {
				ALWAYS_SEARCH_USER_PATHS = NO;
				CLANG_ANALYZER_NONNULL = YES;
				CLANG_ANALYZER_NUMBER_OBJECT_CONVERSION = YES_AGGRESSIVE;
				CLANG_CXX_LANGUAGE_STANDARD = "gnu++14";
				CLANG_CXX_LIBRARY = "libc++";
				CLANG_ENABLE_MODULES = YES;
				CLANG_ENABLE_OBJC_ARC = YES;
				CLANG_ENABLE_OBJC_WEAK = YES;
				CLANG_WARN_BLOCK_CAPTURE_AUTORELEASING = YES;
				CLANG_WARN_BOOL_CONVERSION = YES;
				CLANG_WARN_COMMA = YES;
				CLANG_WARN_CONSTANT_CONVERSION = YES;
				CLANG_WARN_DEPRECATED_OBJC_IMPLEMENTATIONS = YES;
				CLANG_WARN_DIRECT_OBJC_ISA_USAGE = YES_ERROR;
				CLANG_WARN_DOCUMENTATION_COMMENTS = YES;
				CLANG_WARN_EMPTY_BODY = YES;
				CLANG_WARN_ENUM_CONVERSION = YES;
				CLANG_WARN_INFINITE_RECURSION = YES;
				CLANG_WARN_INT_CONVERSION = YES;
				CLANG_WARN_NON_LITERAL_NULL_CONVERSION = YES;
				CLANG_WARN_OBJC_IMPLICIT_RETAIN_SELF = YES;
				CLANG_WARN_OBJC_LITERAL_CONVERSION = YES;
				CLANG_WARN_OBJC_ROOT_CLASS = YES_ERROR;
				CLANG_WARN_RANGE_LOOP_ANALYSIS = YES;
				CLANG_WARN_STRICT_PROTOTYPES = YES;
				CLANG_WARN_SUSPICIOUS_MOVE = YES;
				CLANG_WARN_UNGUARDED_AVAILABILITY = YES_AGGRESSIVE;
				CLANG_WARN_UNREACHABLE_CODE = YES;
				CLANG_WARN__DUPLICATE_METHOD_MATCH = YES;
				CODE_SIGN_IDENTITY = "iPhone Developer";
				COPY_PHASE_STRIP = NO;
				DEBUG_INFORMATION_FORMAT = "dwarf-with-dsym";
				ENABLE_NS_ASSERTIONS = NO;
				ENABLE_STRICT_OBJC_MSGSEND = YES;
				GCC_C_LANGUAGE_STANDARD = gnu11;
				GCC_NO_COMMON_BLOCKS = YES;
				GCC_WARN_64_TO_32_BIT_CONVERSION = YES;
				GCC_WARN_ABOUT_RETURN_TYPE = YES_ERROR;
				GCC_WARN_UNDECLARED_SELECTOR = YES;
				GCC_WARN_UNINITIALIZED_AUTOS = YES_AGGRESSIVE;
				GCC_WARN_UNUSED_FUNCTION = YES;
				GCC_WARN_UNUSED_VARIABLE = YES;
				IPHONEOS_DEPLOYMENT_TARGET = 11.4;
				MTL_ENABLE_DEBUG_INFO = NO;
				SDKROOT = iphoneos;
				SWIFT_COMPILATION_MODE = wholemodule;
				SWIFT_OPTIMIZATION_LEVEL = "-O";
				VALIDATE_PRODUCT = YES;
			};
			name = Release;
		};
		D4DD28CF20DF397B004383BB /* Debug */ = {
			isa = XCBuildConfiguration;
			buildSettings = {
				ASSETCATALOG_COMPILER_APPICON_NAME = AppIcon;
				CODE_SIGN_STYLE = Automatic;
				DEVELOPMENT_TEAM = 7L32597M73;
				INFOPLIST_FILE = "$(SRCROOT)/PhotoManiac/Supporting Files/Info.plist";
				LD_RUNPATH_SEARCH_PATHS = (
					"$(inherited)",
					"@executable_path/Frameworks",
				);
				PRODUCT_BUNDLE_IDENTIFIER = com.kabishau.PhotoManiac;
				PRODUCT_NAME = "$(TARGET_NAME)";
				SWIFT_VERSION = 4.0;
				TARGETED_DEVICE_FAMILY = "1,2";
			};
			name = Debug;
		};
		D4DD28D020DF397B004383BB /* Release */ = {
			isa = XCBuildConfiguration;
			buildSettings = {
				ASSETCATALOG_COMPILER_APPICON_NAME = AppIcon;
				CODE_SIGN_STYLE = Automatic;
				DEVELOPMENT_TEAM = 7L32597M73;
				INFOPLIST_FILE = "$(SRCROOT)/PhotoManiac/Supporting Files/Info.plist";
				LD_RUNPATH_SEARCH_PATHS = (
					"$(inherited)",
					"@executable_path/Frameworks",
				);
				PRODUCT_BUNDLE_IDENTIFIER = com.kabishau.PhotoManiac;
				PRODUCT_NAME = "$(TARGET_NAME)";
				SWIFT_VERSION = 4.0;
				TARGETED_DEVICE_FAMILY = "1,2";
			};
			name = Release;
		};
/* End XCBuildConfiguration section */

/* Begin XCConfigurationList section */
		D4DD28B720DF3978004383BB /* Build configuration list for PBXProject "PhotoManiac" */ = {
			isa = XCConfigurationList;
			buildConfigurations = (
				D4DD28CC20DF397B004383BB /* Debug */,
				D4DD28CD20DF397B004383BB /* Release */,
			);
			defaultConfigurationIsVisible = 0;
			defaultConfigurationName = Release;
		};
		D4DD28CE20DF397B004383BB /* Build configuration list for PBXNativeTarget "PhotoManiac" */ = {
			isa = XCConfigurationList;
			buildConfigurations = (
				D4DD28CF20DF397B004383BB /* Debug */,
				D4DD28D020DF397B004383BB /* Release */,
			);
			defaultConfigurationIsVisible = 0;
			defaultConfigurationName = Release;
		};
/* End XCConfigurationList section */
	};
	rootObject = D4DD28B420DF3978004383BB /* Project object */;
}
